
Microsoft Visual Studio Solution File, Format Version 12.00
# Visual Studio Version 17
VisualStudioVersion = 17.0.31903.59
MinimumVisualStudioVersion = 10.0.40219.1
Project("{2150E333-8FDC-42A3-9474-1A3956D46DE8}") = "Api", "Api", "{DDE3DEC1-2248-4EDF-89BE-4A4A43EBACAF}"
EndProject
Project("{FAE04EC0-301F-11D3-BF4B-00C04F79EFBC}") = "Orders.Api", "Api\Orders.Api\Orders.Api.csproj", "{5E89B549-7B32-4FA3-AE47-4FFC2CA8C16B}"
EndProject
Project("{2150E333-8FDC-42A3-9474-1A3956D46DE8}") = "Worker", "Worker", "{C35AEF9C-E4A6-46F2-9717-C15DE8BE3FF5}"
EndProject
Project("{FAE04EC0-301F-11D3-BF4B-00C04F79EFBC}") = "Orders.Worker", "Worker\Orders.Worker\Orders.Worker.csproj", "{3EBB7D5C-7B27-4269-AD52-1301C3DA95B4}"
EndProject
Global
	GlobalSection(SolutionConfigurationPlatforms) = preSolution
		Debug|Any CPU = Debug|Any CPU
		Release|Any CPU = Release|Any CPU
	EndGlobalSection
	GlobalSection(SolutionProperties) = preSolution
		HideSolutionNode = FALSE
	EndGlobalSection
	GlobalSection(ProjectConfigurationPlatforms) = postSolution
		{5E89B549-7B32-4FA3-AE47-4FFC2CA8C16B}.Debug|Any CPU.ActiveCfg = Debug|Any CPU
		{5E89B549-7B32-4FA3-AE47-4FFC2CA8C16B}.Debug|Any CPU.Build.0 = Debug|Any CPU
		{5E89B549-7B32-4FA3-AE47-4FFC2CA8C16B}.Release|Any CPU.ActiveCfg = Release|Any CPU
		{5E89B549-7B32-4FA3-AE47-4FFC2CA8C16B}.Release|Any CPU.Build.0 = Release|Any CPU
		{3EBB7D5C-7B27-4269-AD52-1301C3DA95B4}.Debug|Any CPU.ActiveCfg = Debug|Any CPU
		{3EBB7D5C-7B27-4269-AD52-1301C3DA95B4}.Debug|Any CPU.Build.0 = Debug|Any CPU
		{3EBB7D5C-7B27-4269-AD52-1301C3DA95B4}.Release|Any CPU.ActiveCfg = Release|Any CPU
		{3EBB7D5C-7B27-4269-AD52-1301C3DA95B4}.Release|Any CPU.Build.0 = Release|Any CPU
	EndGlobalSection
	GlobalSection(NestedProjects) = preSolution
		{5E89B549-7B32-4FA3-AE47-4FFC2CA8C16B} = {DDE3DEC1-2248-4EDF-89BE-4A4A43EBACAF}
		{3EBB7D5C-7B27-4269-AD52-1301C3DA95B4} = {C35AEF9C-E4A6-46F2-9717-C15DE8BE3FF5}
	EndGlobalSection
EndGlobal
